
Microsoft Visual Studio Solution File, Format Version 12.00
# Visual Studio Version 17
VisualStudioVersion = 17.10.34928.147
MinimumVisualStudioVersion = 10.0.40219.1
Project("{8BC9CEB8-8B4A-11D0-8D11-00A0C91BC942}") = "CBX", "CBX\CBX.vcxproj", "{9110503E-4DAD-4DF9-B3D7-618B4B762068}"
EndProject
Global
	GlobalSection(SolutionConfigurationPlatforms) = preSolution
		Debug|x64 = Debug|x64
		Debug|x86 = Debug|x86
		Release|x64 = Release|x64
		Release|x86 = Release|x86
	EndGlobalSection
	GlobalSection(ProjectConfigurationPlatforms) = postSolution
		{9110503E-4DAD-4DF9-B3D7-618B4B762068}.Debug|x64.ActiveCfg = Debug|x64
		{9110503E-4DAD-4DF9-B3D7-618B4B762068}.Debug|x64.Build.0 = Debug|x64
		{9110503E-4DAD-4DF9-B3D7-618B4B762068}.Debug|x86.ActiveCfg = Debug|Win32
		{9110503E-4DAD-4DF9-B3D7-618B4B762068}.Debug|x86.Build.0 = Debug|Win32
		{9110503E-4DAD-4DF9-B3D7-618B4B762068}.Release|x64.ActiveCfg = Release|x64
		{9110503E-4DAD-4DF9-B3D7-618B4B762068}.Release|x64.Build.0 = Release|x64
		{9110503E-4DAD-4DF9-B3D7-618B4B762068}.Release|x86.ActiveCfg = Release|Win32
		{9110503E-4DAD-4DF9-B3D7-618B4B762068}.Release|x86.Build.0 = Release|Win32
	EndGlobalSection
	GlobalSection(SolutionProperties) = preSolution
		HideSolutionNode = FALSE
	EndGlobalSection
	GlobalSection(ExtensibilityGlobals) = postSolution
		SolutionGuid = {89CFAE98-7D9D-4EDD-BF84-FADAAB67CECB}
	EndGlobalSection
EndGlobal
